
Microsoft Visual Studio Solution File, Format Version 12.00
# Visual Studio 14
VisualStudioVersion = 14.0.25420.1
MinimumVisualStudioVersion = 10.0.40219.1
Project("{FAE04EC0-301F-11D3-BF4B-00C04F79EFBC}") = "Inversion.Messaging", "Inversion.Messaging\Inversion.Messaging.csproj", "{18A7E8CB-CDB4-4846-8B5E-6E7D03178831}"
EndProject
Project("{FAE04EC0-301F-11D3-BF4B-00C04F79EFBC}") = "Inversion.Messaging.Redis", "Inversion.Messaging.Redis\Inversion.Messaging.Redis.csproj", "{14BEA733-1D9D-4020-9AC1-51650F4570D9}"
EndProject
Project("{FAE04EC0-301F-11D3-BF4B-00C04F79EFBC}") = "Inversion.Messaging.Filesystem", "Inversion.Messaging.Filesystem\Inversion.Messaging.Filesystem.csproj", "{473060A3-08AA-4CC3-988B-D725604B99EE}"
EndProject
Project("{FAE04EC0-301F-11D3-BF4B-00C04F79EFBC}") = "Inversion.Messaging.Sql", "Inversion.Messaging.Sql\Inversion.Messaging.Sql.csproj", "{A9A73BCC-F72D-4310-A701-29A69C12F708}"
EndProject
Project("{FAE04EC0-301F-11D3-BF4B-00C04F79EFBC}") = "Inversion.Messaging.MsSql", "Inversion.Messaging.MsSql\Inversion.Messaging.MsSql.csproj", "{4A7E02C3-0159-4879-94A2-46C6F9D03986}"
EndProject
Project("{FAE04EC0-301F-11D3-BF4B-00C04F79EFBC}") = "Inversion.Messaging.AmazonSQS", "Inversion.Messaging.AmazonSQS\Inversion.Messaging.AmazonSQS.csproj", "{F540919A-E5E3-40B9-B4FB-77973BE49C9C}"
EndProject
Project("{FAE04EC0-301F-11D3-BF4B-00C04F79EFBC}") = "Inversion.Messaging.DynamoDB", "Inversion.Messaging.DynamoDB\Inversion.Messaging.DynamoDB.csproj", "{C4B1107C-C235-4B89-A2B4-1E2ACF624505}"
EndProject
Project("{FAE04EC0-301F-11D3-BF4B-00C04F79EFBC}") = "Inversion.Messaging.PostgreSQL", "Inversion.Messaging.PostgreSQL\Inversion.Messaging.PostgreSQL.csproj", "{6087FA00-2C04-4400-8926-47BFE41C6CF6}"
EndProject
Project("{FAE04EC0-301F-11D3-BF4B-00C04F79EFBC}") = "Inversion.Messaging.AmazonSNS", "Inversion.Messaging.AmazonSNS\Inversion.Messaging.AmazonSNS.csproj", "{28435172-E8C2-4894-9AC9-C3DCBF21EF56}"
EndProject
Global
	GlobalSection(SolutionConfigurationPlatforms) = preSolution
		Debug|Any CPU = Debug|Any CPU
		Release|Any CPU = Release|Any CPU
	EndGlobalSection
	GlobalSection(ProjectConfigurationPlatforms) = postSolution
		{18A7E8CB-CDB4-4846-8B5E-6E7D03178831}.Debug|Any CPU.ActiveCfg = Debug|Any CPU
		{18A7E8CB-CDB4-4846-8B5E-6E7D03178831}.Debug|Any CPU.Build.0 = Debug|Any CPU
		{18A7E8CB-CDB4-4846-8B5E-6E7D03178831}.Release|Any CPU.ActiveCfg = Release|Any CPU
		{18A7E8CB-CDB4-4846-8B5E-6E7D03178831}.Release|Any CPU.Build.0 = Release|Any CPU
		{14BEA733-1D9D-4020-9AC1-51650F4570D9}.Debug|Any CPU.ActiveCfg = Debug|Any CPU
		{14BEA733-1D9D-4020-9AC1-51650F4570D9}.Debug|Any CPU.Build.0 = Debug|Any CPU
		{14BEA733-1D9D-4020-9AC1-51650F4570D9}.Release|Any CPU.ActiveCfg = Release|Any CPU
		{14BEA733-1D9D-4020-9AC1-51650F4570D9}.Release|Any CPU.Build.0 = Release|Any CPU
		{473060A3-08AA-4CC3-988B-D725604B99EE}.Debug|Any CPU.ActiveCfg = Debug|Any CPU
		{473060A3-08AA-4CC3-988B-D725604B99EE}.Debug|Any CPU.Build.0 = Debug|Any CPU
		{473060A3-08AA-4CC3-988B-D725604B99EE}.Release|Any CPU.ActiveCfg = Release|Any CPU
		{473060A3-08AA-4CC3-988B-D725604B99EE}.Release|Any CPU.Build.0 = Release|Any CPU
		{A9A73BCC-F72D-4310-A701-29A69C12F708}.Debug|Any CPU.ActiveCfg = Debug|Any CPU
		{A9A73BCC-F72D-4310-A701-29A69C12F708}.Debug|Any CPU.Build.0 = Debug|Any CPU
		{A9A73BCC-F72D-4310-A701-29A69C12F708}.Release|Any CPU.ActiveCfg = Release|Any CPU
		{A9A73BCC-F72D-4310-A701-29A69C12F708}.Release|Any CPU.Build.0 = Release|Any CPU
		{4A7E02C3-0159-4879-94A2-46C6F9D03986}.Debug|Any CPU.ActiveCfg = Debug|Any CPU
		{4A7E02C3-0159-4879-94A2-46C6F9D03986}.Debug|Any CPU.Build.0 = Debug|Any CPU
		{4A7E02C3-0159-4879-94A2-46C6F9D03986}.Release|Any CPU.ActiveCfg = Release|Any CPU
		{4A7E02C3-0159-4879-94A2-46C6F9D03986}.Release|Any CPU.Build.0 = Release|Any CPU
		{F540919A-E5E3-40B9-B4FB-77973BE49C9C}.Debug|Any CPU.ActiveCfg = Debug|Any CPU
		{F540919A-E5E3-40B9-B4FB-77973BE49C9C}.Debug|Any CPU.Build.0 = Debug|Any CPU
		{F540919A-E5E3-40B9-B4FB-77973BE49C9C}.Release|Any CPU.ActiveCfg = Release|Any CPU
		{F540919A-E5E3-40B9-B4FB-77973BE49C9C}.Release|Any CPU.Build.0 = Release|Any CPU
		{C4B1107C-C235-4B89-A2B4-1E2ACF624505}.Debug|Any CPU.ActiveCfg = Debug|Any CPU
		{C4B1107C-C235-4B89-A2B4-1E2ACF624505}.Debug|Any CPU.Build.0 = Debug|Any CPU
		{C4B1107C-C235-4B89-A2B4-1E2ACF624505}.Release|Any CPU.ActiveCfg = Release|Any CPU
		{C4B1107C-C235-4B89-A2B4-1E2ACF624505}.Release|Any CPU.Build.0 = Release|Any CPU
		{6087FA00-2C04-4400-8926-47BFE41C6CF6}.Debug|Any CPU.ActiveCfg = Debug|Any CPU
		{6087FA00-2C04-4400-8926-47BFE41C6CF6}.Debug|Any CPU.Build.0 = Debug|Any CPU
		{6087FA00-2C04-4400-8926-47BFE41C6CF6}.Release|Any CPU.ActiveCfg = Release|Any CPU
		{6087FA00-2C04-4400-8926-47BFE41C6CF6}.Release|Any CPU.Build.0 = Release|Any CPU
		{28435172-E8C2-4894-9AC9-C3DCBF21EF56}.Debug|Any CPU.ActiveCfg = Debug|Any CPU
		{28435172-E8C2-4894-9AC9-C3DCBF21EF56}.Debug|Any CPU.Build.0 = Debug|Any CPU
		{28435172-E8C2-4894-9AC9-C3DCBF21EF56}.Release|Any CPU.ActiveCfg = Release|Any CPU
		{28435172-E8C2-4894-9AC9-C3DCBF21EF56}.Release|Any CPU.Build.0 = Release|Any CPU
	EndGlobalSection
	GlobalSection(SolutionProperties) = preSolution
		HideSolutionNode = FALSE
	EndGlobalSection
EndGlobal
